{
  "requires": true,
  "lockfileVersion": 1,
  "dependencies": {
    "notiflix": {
      "version": "3.2.4",
      "resolved": "https://registry.npmjs.org/notiflix/-/notiflix-3.2.4.tgz",
      "integrity": "sha512-zz8P5kC9/Rk1JTyiK2o7t0iBNJOQRqM4/1LgqVwagdo3ROqFaJRn1rp7gMmP1vme20Ao1hjT9MnhjIhkUj6HBw=="
    }
  }
}
